# This file is automatically @generated by Poetry 1.8.3 and should not be changed by hand.

[[package]]
name = "pyside6"
version = "6.8.0.1"
description = "Python bindings for the Qt cross-platform application and UI framework"
optional = false
python-versions = "<3.13,>=3.9"
files = [
    {file = "PySide6-6.8.0.1-cp39-abi3-macosx_12_0_universal2.whl", hash = "sha256:a8f8ce89094e28a384821e5a4ba4ea952f3a02fe97a2b2ce5912eba4876554d0"},
    {file = "PySide6-6.8.0.1-cp39-abi3-manylinux_2_28_x86_64.whl", hash = "sha256:1730d80f52cf9fb04c5267e652ddb1b7857fba5302860392fc73bfb9ab81ef8e"},
    {file = "PySide6-6.8.0.1-cp39-abi3-manylinux_2_31_aarch64.whl", hash = "sha256:6567a4bc1a6bf77c13ea1fbe128ff68379afb31e92795cb501a7e085d8bf744e"},
    {file = "PySide6-6.8.0.1-cp39-abi3-win_amd64.whl", hash = "sha256:9eb918758b9ca838febceb972db2c651ff652b7e5a893d8e59a38a744579ccc4"},
]

[package.dependencies]
PySide6-Addons = "6.8.0.1"
PySide6-Essentials = "6.8.0.1"
shiboken6 = "6.8.0.1"

[[package]]
name = "pyside6-addons"
version = "6.8.0.1"
description = "Python bindings for the Qt cross-platform application and UI framework (Addons)"
optional = false
python-versions = "<3.13,>=3.9"
files = [
    {file = "PySide6_Addons-6.8.0.1-cp39-abi3-macosx_12_0_universal2.whl", hash = "sha256:db3622c257920e0d20de2f80ade6c064a48ee1e0c9a1cfe1f1d3bc2685c93996"},
    {file = "PySide6_Addons-6.8.0.1-cp39-abi3-manylinux_2_28_x86_64.whl", hash = "sha256:4cf9aebd26d908de4cbd5c7274f432370f8b0dc8dc7b748a6e6ade035fe28f28"},
    {file = "PySide6_Addons-6.8.0.1-cp39-abi3-manylinux_2_31_aarch64.whl", hash = "sha256:ed8f73e41b24ae6ea5ebb9dca1d4d6a6ddf06cffda63fa929d5e180ea9ac3cdd"},
    {file = "PySide6_Addons-6.8.0.1-cp39-abi3-win_amd64.whl", hash = "sha256:066f0b6555f3351263a8d4936da5a95bd1b3e9bc83881f9f477d9146ccd3282f"},
]

[package.dependencies]
PySide6-Essentials = "6.8.0.1"
shiboken6 = "6.8.0.1"

[[package]]
name = "pyside6-essentials"
version = "6.8.0.1"
description = "Python bindings for the Qt cross-platform application and UI framework (Essentials)"
optional = false
python-versions = "<3.13,>=3.9"
files = [
    {file = "PySide6_Essentials-6.8.0.1-cp39-abi3-macosx_12_0_universal2.whl", hash = "sha256:2ae533a318b563ef7b73b1d7de3254e966423215589329207e45ee9adcb2e83c"},
    {file = "PySide6_Essentials-6.8.0.1-cp39-abi3-manylinux_2_28_x86_64.whl", hash = "sha256:327a0f08cb1ee5af7f7ed81527bbdb3058e2a39a300efcc806e0289b50192f98"},
    {file = "PySide6_Essentials-6.8.0.1-cp39-abi3-manylinux_2_31_aarch64.whl", hash = "sha256:6f573331261889992d450145c0f3a9a317e798b63c1318cc271422c0a74b2298"},
    {file = "PySide6_Essentials-6.8.0.1-cp39-abi3-win_amd64.whl", hash = "sha256:800d26aa51003b41c73e9c4cd4fd6c96fe91fc21f9862c3d459a7e2209f9475f"},
]

[package.dependencies]
shiboken6 = "6.8.0.1"

[[package]]
name = "shiboken6"
version = "6.8.0.1"
description = "Python/C++ bindings helper module"
optional = false
python-versions = "<3.13,>=3.9"
files = [
    {file = "shiboken6-6.8.0.1-cp39-abi3-macosx_12_0_universal2.whl", hash = "sha256:99cbb8d53bd2abcb61717a675bb3c1d7513868298b56cdfcae8aa27ed367577a"},
    {file = "shiboken6-6.8.0.1-cp39-abi3-manylinux_2_28_x86_64.whl", hash = "sha256:77b6e2eae8d48fe32a058e234778c42642eca1755de8b793e2d57857d7d037cf"},
    {file = "shiboken6-6.8.0.1-cp39-abi3-manylinux_2_31_aarch64.whl", hash = "sha256:eb2db6f0cac42f10dc5b4bcf4ab5a8e079acb870877d0cb3d95cac80c20e4554"},
    {file = "shiboken6-6.8.0.1-cp39-abi3-win_amd64.whl", hash = "sha256:3f2601c0db8d1e860a2a1265936e616361b073360eb15153806638fbc3b7ff26"},
]

[metadata]
lock-version = "2.0"
python-versions = ">=3.9, <3.13"
content-hash = "483ae0e680eb40caa988eed976ed06647f6d59a2afa0dbf6b63f1b1435db473c"
